// !$*UTF8*$!
{
	archiveVersion = 1;
	classes = {
	};
	objectVersion = 56;
	objects = {

/* Begin PBXBuildFile section */
		ED9D7E4B2B72DE2600EC3FF6 /* AppDelegate.swift in Sources */ = {isa = PBXBuildFile; fileRef = ED9D7E4A2B72DE2600EC3FF6 /* AppDelegate.swift */; };
		ED9D7E4D2B72DE2600EC3FF6 /* SceneDelegate.swift in Sources */ = {isa = PBXBuildFile; fileRef = ED9D7E4C2B72DE2600EC3FF6 /* SceneDelegate.swift */; };
		ED9D7E4F2B72DE2600EC3FF6 /* ViewController.swift in Sources */ = {isa = PBXBuildFile; fileRef = ED9D7E4E2B72DE2600EC3FF6 /* ViewController.swift */; };
		ED9D7E522B72DE2600EC3FF6 /* Main.storyboard in Resources */ = {isa = PBXBuildFile; fileRef = ED9D7E502B72DE2600EC3FF6 /* Main.storyboard */; };
		ED9D7E542B72DE2700EC3FF6 /* Assets.xcassets in Resources */ = {isa = PBXBuildFile; fileRef = ED9D7E532B72DE2700EC3FF6 /* Assets.xcassets */; };
		ED9D7E572B72DE2700EC3FF6 /* LaunchScreen.storyboard in Resources */ = {isa = PBXBuildFile; fileRef = ED9D7E552B72DE2700EC3FF6 /* LaunchScreen.storyboard */; };
		ED9D7E622B72DE2700EC3FF6 /* playSoundTests.swift in Sources */ = {isa = PBXBuildFile; fileRef = ED9D7E612B72DE2700EC3FF6 /* playSoundTests.swift */; };
		ED9D7E6C2B72DE2700EC3FF6 /* playSoundUITests.swift in Sources */ = {isa = PBXBuildFile; fileRef = ED9D7E6B2B72DE2700EC3FF6 /* playSoundUITests.swift */; };
		ED9D7E6E2B72DE2700EC3FF6 /* playSoundUITestsLaunchTests.swift in Sources */ = {isa = PBXBuildFile; fileRef = ED9D7E6D2B72DE2700EC3FF6 /* playSoundUITestsLaunchTests.swift */; };
		ED9D7E7B2B72E1E300EC3FF6 /* sound.caf in Resources */ = {isa = PBXBuildFile; fileRef = ED9D7E7A2B72E1E300EC3FF6 /* sound.caf */; };
/* End PBXBuildFile section */

/* Begin PBXContainerItemProxy section */
		ED9D7E5E2B72DE2700EC3FF6 /* PBXContainerItemProxy */ = {
			isa = PBXContainerItemProxy;
			containerPortal = ED9D7E3F2B72DE2600EC3FF6 /* Project object */;
			proxyType = 1;
			remoteGlobalIDString = ED9D7E462B72DE2600EC3FF6;
			remoteInfo = playSound;
		};
		ED9D7E682B72DE2700EC3FF6 /* PBXContainerItemProxy */ = {
			isa = PBXContainerItemProxy;
			containerPortal = ED9D7E3F2B72DE2600EC3FF6 /* Project object */;
			proxyType = 1;
			remoteGlobalIDString = ED9D7E462B72DE2600EC3FF6;
			remoteInfo = playSound;
		};
/* End PBXContainerItemProxy section */

/* Begin PBXFileReference section */
		ED9D7E472B72DE2600EC3FF6 /* playSound.app */ = {isa = PBXFileReference; explicitFileType = wrapper.application; includeInIndex = 0; path = playSound.app; sourceTree = BUILT_PRODUCTS_DIR; };
		ED9D7E4A2B72DE2600EC3FF6 /* AppDelegate.swift */ = {isa = PBXFileReference; lastKnownFileType = sourcecode.swift; path = AppDelegate.swift; sourceTree = "<group>"; };
		ED9D7E4C2B72DE2600EC3FF6 /* SceneDelegate.swift */ = {isa = PBXFileReference; lastKnownFileType = sourcecode.swift; path = SceneDelegate.swift; sourceTree = "<group>"; };
		ED9D7E4E2B72DE2600EC3FF6 /* ViewController.swift */ = {isa = PBXFileReference; lastKnownFileType = sourcecode.swift; path = ViewController.swift; sourceTree = "<group>"; };
		ED9D7E512B72DE2600EC3FF6 /* Base */ = {isa = PBXFileReference; lastKnownFileType = file.storyboard; name = Base; path = Base.lproj/Main.storyboard; sourceTree = "<group>"; };
		ED9D7E532B72DE2700EC3FF6 /* Assets.xcassets */ = {isa = PBXFileReference; lastKnownFileType = folder.assetcatalog; path = Assets.xcassets; sourceTree = "<group>"; };
		ED9D7E562B72DE2700EC3FF6 /* Base */ = {isa = PBXFileReference; lastKnownFileType = file.storyboard; name = Base; path = Base.lproj/LaunchScreen.storyboard; sourceTree = "<group>"; };
		ED9D7E582B72DE2700EC3FF6 /* Info.plist */ = {isa = PBXFileReference; lastKnownFileType = text.plist.xml; path = Info.plist; sourceTree = "<group>"; };
		ED9D7E5D2B72DE2700EC3FF6 /* playSoundTests.xctest */ = {isa = PBXFileReference; explicitFileType = wrapper.cfbundle; includeInIndex = 0; path = playSoundTests.xctest; sourceTree = BUILT_PRODUCTS_DIR; };
		ED9D7E612B72DE2700EC3FF6 /* playSoundTests.swift */ = {isa = PBXFileReference; lastKnownFileType = sourcecode.swift; path = playSoundTests.swift; sourceTree = "<group>"; };
		ED9D7E672B72DE2700EC3FF6 /* playSoundUITests.xctest */ = {isa = PBXFileReference; explicitFileType = wrapper.cfbundle; includeInIndex = 0; path = playSoundUITests.xctest; sourceTree = BUILT_PRODUCTS_DIR; };
		ED9D7E6B2B72DE2700EC3FF6 /* playSoundUITests.swift */ = {isa = PBXFileReference; lastKnownFileType = sourcecode.swift; path = playSoundUITests.swift; sourceTree = "<group>"; };
		ED9D7E6D2B72DE2700EC3FF6 /* playSoundUITestsLaunchTests.swift */ = {isa = PBXFileReference; lastKnownFileType = sourcecode.swift; path = playSoundUITestsLaunchTests.swift; sourceTree = "<group>"; };
		ED9D7E7A2B72E1E300EC3FF6 /* sound.caf */ = {isa = PBXFileReference; lastKnownFileType = file; path = sound.caf; sourceTree = "<group>"; };
/* End PBXFileReference section */

/* Begin PBXFrameworksBuildPhase section */
		ED9D7E442B72DE2600EC3FF6 /* Frameworks */ = {
			isa = PBXFrameworksBuildPhase;
			buildActionMask = 2147483647;
			files = (
			);
			runOnlyForDeploymentPostprocessing = 0;
		};
		ED9D7E5A2B72DE2700EC3FF6 /* Frameworks */ = {
			isa = PBXFrameworksBuildPhase;
			buildActionMask = 2147483647;
			files = (
			);
			runOnlyForDeploymentPostprocessing = 0;
		};
		ED9D7E642B72DE2700EC3FF6 /* Frameworks */ = {
			isa = PBXFrameworksBuildPhase;
			buildActionMask = 2147483647;
			files = (
			);
			runOnlyForDeploymentPostprocessing = 0;
		};
/* End PBXFrameworksBuildPhase section */

/* Begin PBXGroup section */
		ED9D7E3E2B72DE2600EC3FF6 = {
			isa = PBXGroup;
			children = (
				ED9D7E492B72DE2600EC3FF6 /* playSound */,
				ED9D7E602B72DE2700EC3FF6 /* playSoundTests */,
				ED9D7E6A2B72DE2700EC3FF6 /* playSoundUITests */,
				ED9D7E482B72DE2600EC3FF6 /* Products */,
			);
			sourceTree = "<group>";
		};
		ED9D7E482B72DE2600EC3FF6 /* Products */ = {
			isa = PBXGroup;
			children = (
				ED9D7E472B72DE2600EC3FF6 /* playSound.app */,
				ED9D7E5D2B72DE2700EC3FF6 /* playSoundTests.xctest */,
				ED9D7E672B72DE2700EC3FF6 /* playSoundUITests.xctest */,
			);
			name = Products;
			sourceTree = "<group>";
		};
		ED9D7E492B72DE2600EC3FF6 /* playSound */ = {
			isa = PBXGroup;
			children = (
				ED9D7E4A2B72DE2600EC3FF6 /* AppDelegate.swift */,
				ED9D7E4C2B72DE2600EC3FF6 /* SceneDelegate.swift */,
				ED9D7E4E2B72DE2600EC3FF6 /* ViewController.swift */,
				ED9D7E502B72DE2600EC3FF6 /* Main.storyboard */,
				ED9D7E532B72DE2700EC3FF6 /* Assets.xcassets */,
				ED9D7E7A2B72E1E300EC3FF6 /* sound.caf */,
				ED9D7E552B72DE2700EC3FF6 /* LaunchScreen.storyboard */,
				ED9D7E582B72DE2700EC3FF6 /* Info.plist */,
			);
			path = playSound;
			sourceTree = "<group>";
		};
		ED9D7E602B72DE2700EC3FF6 /* playSoundTests */ = {
			isa = PBXGroup;
			children = (
				ED9D7E612B72DE2700EC3FF6 /* playSoundTests.swift */,
			);
			path = playSoundTests;
			sourceTree = "<group>";
		};
		ED9D7E6A2B72DE2700EC3FF6 /* playSoundUITests */ = {
			isa = PBXGroup;
			children = (
				ED9D7E6B2B72DE2700EC3FF6 /* playSoundUITests.swift */,
				ED9D7E6D2B72DE2700EC3FF6 /* playSoundUITestsLaunchTests.swift */,
			);
			path = playSoundUITests;
			sourceTree = "<group>";
		};
/* End PBXGroup section */

/* Begin PBXNativeTarget section */
		ED9D7E462B72DE2600EC3FF6 /* playSound */ = {
			isa = PBXNativeTarget;
			buildConfigurationList = ED9D7E712B72DE2700EC3FF6 /* Build configuration list for PBXNativeTarget "playSound" */;
			buildPhases = (
				ED9D7E432B72DE2600EC3FF6 /* Sources */,
				ED9D7E442B72DE2600EC3FF6 /* Frameworks */,
				ED9D7E452B72DE2600EC3FF6 /* Resources */,
			);
			buildRules = (
			);
			dependencies = (
			);
			name = playSound;
			productName = playSound;
			productReference = ED9D7E472B72DE2600EC3FF6 /* playSound.app */;
			productType = "com.apple.product-type.application";
		};
		ED9D7E5C2B72DE2700EC3FF6 /* playSoundTests */ = {
			isa = PBXNativeTarget;
			buildConfigurationList = ED9D7E742B72DE2700EC3FF6 /* Build configuration list for PBXNativeTarget "playSoundTests" */;
			buildPhases = (
				ED9D7E592B72DE2700EC3FF6 /* Sources */,
				ED9D7E5A2B72DE2700EC3FF6 /* Frameworks */,
				ED9D7E5B2B72DE2700EC3FF6 /* Resources */,
			);
			buildRules = (
			);
			dependencies = (
				ED9D7E5F2B72DE2700EC3FF6 /* PBXTargetDependency */,
			);
			name = playSoundTests;
			productName = playSoundTests;
			productReference = ED9D7E5D2B72DE2700EC3FF6 /* playSoundTests.xctest */;
			productType = "com.apple.product-type.bundle.unit-test";
		};
		ED9D7E662B72DE2700EC3FF6 /* playSoundUITests */ = {
			isa = PBXNativeTarget;
			buildConfigurationList = ED9D7E772B72DE2700EC3FF6 /* Build configuration list for PBXNativeTarget "playSoundUITests" */;
			buildPhases = (
				ED9D7E632B72DE2700EC3FF6 /* Sources */,
				ED9D7E642B72DE2700EC3FF6 /* Frameworks */,
				ED9D7E652B72DE2700EC3FF6 /* Resources */,
			);
			buildRules = (
			);
			dependencies = (
				ED9D7E692B72DE2700EC3FF6 /* PBXTargetDependency */,
			);
			name = playSoundUITests;
			productName = playSoundUITests;
			productReference = ED9D7E672B72DE2700EC3FF6 /* playSoundUITests.xctest */;
			productType = "com.apple.product-type.bundle.ui-testing";
		};
/* End PBXNativeTarget section */

/* Begin PBXProject section */
		ED9D7E3F2B72DE2600EC3FF6 /* Project object */ = {
			isa = PBXProject;
			attributes = {
				BuildIndependentTargetsInParallel = 1;
				LastSwiftUpdateCheck = 1520;
				LastUpgradeCheck = 1520;
				TargetAttributes = {
					ED9D7E462B72DE2600EC3FF6 = {
						CreatedOnToolsVersion = 15.2;
					};
					ED9D7E5C2B72DE2700EC3FF6 = {
						CreatedOnToolsVersion = 15.2;
						TestTargetID = ED9D7E462B72DE2600EC3FF6;
					};
					ED9D7E662B72DE2700EC3FF6 = {
						CreatedOnToolsVersion = 15.2;
						TestTargetID = ED9D7E462B72DE2600EC3FF6;
					};
				};
			};
			buildConfigurationList = ED9D7E422B72DE2600EC3FF6 /* Build configuration list for PBXProject "playSound" */;
			compatibilityVersion = "Xcode 14.0";
			developmentRegion = en;
			hasScannedForEncodings = 0;
			knownRegions = (
				en,
				Base,
			);
			mainGroup = ED9D7E3E2B72DE2600EC3FF6;
			productRefGroup = ED9D7E482B72DE2600EC3FF6 /* Products */;
			projectDirPath = "";
			projectRoot = "";
			targets = (
				ED9D7E462B72DE2600EC3FF6 /* playSound */,
				ED9D7E5C2B72DE2700EC3FF6 /* playSoundTests */,
				ED9D7E662B72DE2700EC3FF6 /* playSoundUITests */,
			);
		};
/* End PBXProject section */

/* Begin PBXResourcesBuildPhase section */
		ED9D7E452B72DE2600EC3FF6 /* Resources */ = {
			isa = PBXResourcesBuildPhase;
			buildActionMask = 2147483647;
			files = (
				ED9D7E7B2B72E1E300EC3FF6 /* sound.caf in Resources */,
				ED9D7E572B72DE2700EC3FF6 /* LaunchScreen.storyboard in Resources */,
				ED9D7E542B72DE2700EC3FF6 /* Assets.xcassets in Resources */,
				ED9D7E522B72DE2600EC3FF6 /* Main.storyboard in Resources */,
			);
			runOnlyForDeploymentPostprocessing = 0;
		};
		ED9D7E5B2B72DE2700EC3FF6 /* Resources */ = {
			isa = PBXResourcesBuildPhase;
			buildActionMask = 2147483647;
			files = (
			);
			runOnlyForDeploymentPostprocessing = 0;
		};
		ED9D7E652B72DE2700EC3FF6 /* Resources */ = {
			isa = PBXResourcesBuildPhase;
			buildActionMask = 2147483647;
			files = (
			);
			runOnlyForDeploymentPostprocessing = 0;
		};
/* End PBXResourcesBuildPhase section */

/* Begin PBXSourcesBuildPhase section */
		ED9D7E432B72DE2600EC3FF6 /* Sources */ = {
			isa = PBXSourcesBuildPhase;
			buildActionMask = 2147483647;
			files = (
				ED9D7E4F2B72DE2600EC3FF6 /* ViewController.swift in Sources */,
				ED9D7E4B2B72DE2600EC3FF6 /* AppDelegate.swift in Sources */,
				ED9D7E4D2B72DE2600EC3FF6 /* SceneDelegate.swift in Sources */,
			);
			runOnlyForDeploymentPostprocessing = 0;
		};
		ED9D7E592B72DE2700EC3FF6 /* Sources */ = {
			isa = PBXSourcesBuildPhase;
			buildActionMask = 2147483647;
			files = (
				ED9D7E622B72DE2700EC3FF6 /* playSoundTests.swift in Sources */,
			);
			runOnlyForDeploymentPostprocessing = 0;
		};
		ED9D7E632B72DE2700EC3FF6 /* Sources */ = {
			isa = PBXSourcesBuildPhase;
			buildActionMask = 2147483647;
			files = (
				ED9D7E6E2B72DE2700EC3FF6 /* playSoundUITestsLaunchTests.swift in Sources */,
				ED9D7E6C2B72DE2700EC3FF6 /* playSoundUITests.swift in Sources */,
			);
			runOnlyForDeploymentPostprocessing = 0;
		};
/* End PBXSourcesBuildPhase section */

/* Begin PBXTargetDependency section */
		ED9D7E5F2B72DE2700EC3FF6 /* PBXTargetDependency */ = {
			isa = PBXTargetDependency;
			target = ED9D7E462B72DE2600EC3FF6 /* playSound */;
			targetProxy = ED9D7E5E2B72DE2700EC3FF6 /* PBXContainerItemProxy */;
		};
		ED9D7E692B72DE2700EC3FF6 /* PBXTargetDependency */ = {
			isa = PBXTargetDependency;
			target = ED9D7E462B72DE2600EC3FF6 /* playSound */;
			targetProxy = ED9D7E682B72DE2700EC3FF6 /* PBXContainerItemProxy */;
		};
/* End PBXTargetDependency section */

/* Begin PBXVariantGroup section */
		ED9D7E502B72DE2600EC3FF6 /* Main.storyboard */ = {
			isa = PBXVariantGroup;
			children = (
				ED9D7E512B72DE2600EC3FF6 /* Base */,
			);
			name = Main.storyboard;
			sourceTree = "<group>";
		};
		ED9D7E552B72DE2700EC3FF6 /* LaunchScreen.storyboard */ = {
			isa = PBXVariantGroup;
			children = (
				ED9D7E562B72DE2700EC3FF6 /* Base */,
			);
			name = LaunchScreen.storyboard;
			sourceTree = "<group>";
		};
/* End PBXVariantGroup section */

/* Begin XCBuildConfiguration section */
		ED9D7E6F2B72DE2700EC3FF6 /* Debug */ = {
			isa = XCBuildConfiguration;
			buildSettings = {
				ALWAYS_SEARCH_USER_PATHS = NO;
				ASSETCATALOG_COMPILER_GENERATE_SWIFT_ASSET_SYMBOL_EXTENSIONS = YES;
				CLANG_ANALYZER_NONNULL = YES;
				CLANG_ANALYZER_NUMBER_OBJECT_CONVERSION = YES_AGGRESSIVE;
				CLANG_CXX_LANGUAGE_STANDARD = "gnu++20";
				CLANG_ENABLE_MODULES = YES;
				CLANG_ENABLE_OBJC_ARC = YES;
				CLANG_ENABLE_OBJC_WEAK = YES;
				CLANG_WARN_BLOCK_CAPTURE_AUTORELEASING = YES;
				CLANG_WARN_BOOL_CONVERSION = YES;
				CLANG_WARN_COMMA = YES;
				CLANG_WARN_CONSTANT_CONVERSION = YES;
				CLANG_WARN_DEPRECATED_OBJC_IMPLEMENTATIONS = YES;
				CLANG_WARN_DIRECT_OBJC_ISA_USAGE = YES_ERROR;
				CLANG_WARN_DOCUMENTATION_COMMENTS = YES;
				CLANG_WARN_EMPTY_BODY = YES;
				CLANG_WARN_ENUM_CONVERSION = YES;
				CLANG_WARN_INFINITE_RECURSION = YES;
				CLANG_WARN_INT_CONVERSION = YES;
				CLANG_WARN_NON_LITERAL_NULL_CONVERSION = YES;
				CLANG_WARN_OBJC_IMPLICIT_RETAIN_SELF = YES;
				CLANG_WARN_OBJC_LITERAL_CONVERSION = YES;
				CLANG_WARN_OBJC_ROOT_CLASS = YES_ERROR;
				CLANG_WARN_QUOTED_INCLUDE_IN_FRAMEWORK_HEADER = YES;
				CLANG_WARN_RANGE_LOOP_ANALYSIS = YES;
				CLANG_WARN_STRICT_PROTOTYPES = YES;
				CLANG_WARN_SUSPICIOUS_MOVE = YES;
				CLANG_WARN_UNGUARDED_AVAILABILITY = YES_AGGRESSIVE;
				CLANG_WARN_UNREACHABLE_CODE = YES;
				CLANG_WARN__DUPLICATE_METHOD_MATCH = YES;
				COPY_PHASE_STRIP = NO;
				DEBUG_INFORMATION_FORMAT = dwarf;
				ENABLE_STRICT_OBJC_MSGSEND = YES;
				ENABLE_TESTABILITY = YES;
				ENABLE_USER_SCRIPT_SANDBOXING = YES;
				GCC_C_LANGUAGE_STANDARD = gnu17;
				GCC_DYNAMIC_NO_PIC = NO;
				GCC_NO_COMMON_BLOCKS = YES;
				GCC_OPTIMIZATION_LEVEL = 0;
				GCC_PREPROCESSOR_DEFINITIONS = (
					"DEBUG=1",
					"$(inherited)",
				);
				GCC_WARN_64_TO_32_BIT_CONVERSION = YES;
				GCC_WARN_ABOUT_RETURN_TYPE = YES_ERROR;
				GCC_WARN_UNDECLARED_SELECTOR = YES;
				GCC_WARN_UNINITIALIZED_AUTOS = YES_AGGRESSIVE;
				GCC_WARN_UNUSED_FUNCTION = YES;
				GCC_WARN_UNUSED_VARIABLE = YES;
				IPHONEOS_DEPLOYMENT_TARGET = 17.2;
				LOCALIZATION_PREFERS_STRING_CATALOGS = YES;
				MTL_ENABLE_DEBUG_INFO = INCLUDE_SOURCE;
				MTL_FAST_MATH = YES;
				ONLY_ACTIVE_ARCH = YES;
				SDKROOT = iphoneos;
				SWIFT_ACTIVE_COMPILATION_CONDITIONS = "DEBUG $(inherited)";
				SWIFT_OPTIMIZATION_LEVEL = "-Onone";
			};
			name = Debug;
		};
		ED9D7E702B72DE2700EC3FF6 /* Release */ = {
			isa = XCBuildConfiguration;
			buildSettings = {
				ALWAYS_SEARCH_USER_PATHS = NO;
				ASSETCATALOG_COMPILER_GENERATE_SWIFT_ASSET_SYMBOL_EXTENSIONS = YES;
				CLANG_ANALYZER_NONNULL = YES;
				CLANG_ANALYZER_NUMBER_OBJECT_CONVERSION = YES_AGGRESSIVE;
				CLANG_CXX_LANGUAGE_STANDARD = "gnu++20";
				CLANG_ENABLE_MODULES = YES;
				CLANG_ENABLE_OBJC_ARC = YES;
				CLANG_ENABLE_OBJC_WEAK = YES;
				CLANG_WARN_BLOCK_CAPTURE_AUTORELEASING = YES;
				CLANG_WARN_BOOL_CONVERSION = YES;
				CLANG_WARN_COMMA = YES;
				CLANG_WARN_CONSTANT_CONVERSION = YES;
				CLANG_WARN_DEPRECATED_OBJC_IMPLEMENTATIONS = YES;
				CLANG_WARN_DIRECT_OBJC_ISA_USAGE = YES_ERROR;
				CLANG_WARN_DOCUMENTATION_COMMENTS = YES;
				CLANG_WARN_EMPTY_BODY = YES;
				CLANG_WARN_ENUM_CONVERSION = YES;
				CLANG_WARN_INFINITE_RECURSION = YES;
				CLANG_WARN_INT_CONVERSION = YES;
				CLANG_WARN_NON_LITERAL_NULL_CONVERSION = YES;
				CLANG_WARN_OBJC_IMPLICIT_RETAIN_SELF = YES;
				CLANG_WARN_OBJC_LITERAL_CONVERSION = YES;
				CLANG_WARN_OBJC_ROOT_CLASS = YES_ERROR;
				CLANG_WARN_QUOTED_INCLUDE_IN_FRAMEWORK_HEADER = YES;
				CLANG_WARN_RANGE_LOOP_ANALYSIS = YES;
				CLANG_WARN_STRICT_PROTOTYPES = YES;
				CLANG_WARN_SUSPICIOUS_MOVE = YES;
				CLANG_WARN_UNGUARDED_AVAILABILITY = YES_AGGRESSIVE;
				CLANG_WARN_UNREACHABLE_CODE = YES;
				CLANG_WARN__DUPLICATE_METHOD_MATCH = YES;
				COPY_PHASE_STRIP = NO;
				DEBUG_INFORMATION_FORMAT = "dwarf-with-dsym";
				ENABLE_NS_ASSERTIONS = NO;
				ENABLE_STRICT_OBJC_MSGSEND = YES;
				ENABLE_USER_SCRIPT_SANDBOXING = YES;
				GCC_C_LANGUAGE_STANDARD = gnu17;
				GCC_NO_COMMON_BLOCKS = YES;
				GCC_WARN_64_TO_32_BIT_CONVERSION = YES;
				GCC_WARN_ABOUT_RETURN_TYPE = YES_ERROR;
				GCC_WARN_UNDECLARED_SELECTOR = YES;
				GCC_WARN_UNINITIALIZED_AUTOS = YES_AGGRESSIVE;
				GCC_WARN_UNUSED_FUNCTION = YES;
				GCC_WARN_UNUSED_VARIABLE = YES;
				IPHONEOS_DEPLOYMENT_TARGET = 17.2;
				LOCALIZATION_PREFERS_STRING_CATALOGS = YES;
				MTL_ENABLE_DEBUG_INFO = NO;
				MTL_FAST_MATH = YES;
				SDKROOT = iphoneos;
				SWIFT_COMPILATION_MODE = wholemodule;
				VALIDATE_PRODUCT = YES;
			};
			name = Release;
		};
		ED9D7E722B72DE2700EC3FF6 /* Debug */ = {
			isa = XCBuildConfiguration;
			buildSettings = {
				ASSETCATALOG_COMPILER_APPICON_NAME = AppIcon;
				ASSETCATALOG_COMPILER_GLOBAL_ACCENT_COLOR_NAME = AccentColor;
				CODE_SIGN_STYLE = Automatic;
				CURRENT_PROJECT_VERSION = 1;
				DEVELOPMENT_TEAM = 844N9ANB34;
				GENERATE_INFOPLIST_FILE = YES;
				INFOPLIST_FILE = playSound/Info.plist;
				INFOPLIST_KEY_UIApplicationSupportsIndirectInputEvents = YES;
				INFOPLIST_KEY_UILaunchStoryboardName = LaunchScreen;
				INFOPLIST_KEY_UIMainStoryboardFile = Main;
				INFOPLIST_KEY_UISupportedInterfaceOrientations_iPad = "UIInterfaceOrientationPortrait UIInterfaceOrientationPortraitUpsideDown UIInterfaceOrientationLandscapeLeft UIInterfaceOrientationLandscapeRight";
				INFOPLIST_KEY_UISupportedInterfaceOrientations_iPhone = "UIInterfaceOrientationPortrait UIInterfaceOrientationLandscapeLeft UIInterfaceOrientationLandscapeRight";
				LD_RUNPATH_SEARCH_PATHS = (
					"$(inherited)",
					"@executable_path/Frameworks",
				);
				MARKETING_VERSION = 1.0;
				PRODUCT_BUNDLE_IDENTIFIER = mentat.playSound;
				PRODUCT_NAME = "$(TARGET_NAME)";
				SWIFT_EMIT_LOC_STRINGS = YES;
				SWIFT_VERSION = 5.0;
				TARGETED_DEVICE_FAMILY = "1,2";
			};
			name = Debug;
		};
		ED9D7E732B72DE2700EC3FF6 /* Release */ = {
			isa = XCBuildConfiguration;
			buildSettings = {
				ASSETCATALOG_COMPILER_APPICON_NAME = AppIcon;
				ASSETCATALOG_COMPILER_GLOBAL_ACCENT_COLOR_NAME = AccentColor;
				CODE_SIGN_STYLE = Automatic;
				CURRENT_PROJECT_VERSION = 1;
				DEVELOPMENT_TEAM = 844N9ANB34;
				GENERATE_INFOPLIST_FILE = YES;
				INFOPLIST_FILE = playSound/Info.plist;
				INFOPLIST_KEY_UIApplicationSupportsIndirectInputEvents = YES;
				INFOPLIST_KEY_UILaunchStoryboardName = LaunchScreen;
				INFOPLIST_KEY_UIMainStoryboardFile = Main;
				INFOPLIST_KEY_UISupportedInterfaceOrientations_iPad = "UIInterfaceOrientationPortrait UIInterfaceOrientationPortraitUpsideDown UIInterfaceOrientationLandscapeLeft UIInterfaceOrientationLandscapeRight";
				INFOPLIST_KEY_UISupportedInterfaceOrientations_iPhone = "UIInterfaceOrientationPortrait UIInterfaceOrientationLandscapeLeft UIInterfaceOrientationLandscapeRight";
				LD_RUNPATH_SEARCH_PATHS = (
					"$(inherited)",
					"@executable_path/Frameworks",
				);
				MARKETING_VERSION = 1.0;
				PRODUCT_BUNDLE_IDENTIFIER = mentat.playSound;
				PRODUCT_NAME = "$(TARGET_NAME)";
				SWIFT_EMIT_LOC_STRINGS = YES;
				SWIFT_VERSION = 5.0;
				TARGETED_DEVICE_FAMILY = "1,2";
			};
			name = Release;
		};
		ED9D7E752B72DE2700EC3FF6 /* Debug */ = {
			isa = XCBuildConfiguration;
			buildSettings = {
				ALWAYS_EMBED_SWIFT_STANDARD_LIBRARIES = YES;
				BUNDLE_LOADER = "$(TEST_HOST)";
				CODE_SIGN_STYLE = Automatic;
				CURRENT_PROJECT_VERSION = 1;
				GENERATE_INFOPLIST_FILE = YES;
				IPHONEOS_DEPLOYMENT_TARGET = 17.2;
				MARKETING_VERSION = 1.0;
				PRODUCT_BUNDLE_IDENTIFIER = mentat.playSoundTests;
				PRODUCT_NAME = "$(TARGET_NAME)";
				SWIFT_EMIT_LOC_STRINGS = NO;
				SWIFT_VERSION = 5.0;
				TARGETED_DEVICE_FAMILY = "1,2";
				TEST_HOST = "$(BUILT_PRODUCTS_DIR)/playSound.app/$(BUNDLE_EXECUTABLE_FOLDER_PATH)/playSound";
			};
			name = Debug;
		};
		ED9D7E762B72DE2700EC3FF6 /* Release */ = {
			isa = XCBuildConfiguration;
			buildSettings = {
				ALWAYS_EMBED_SWIFT_STANDARD_LIBRARIES = YES;
				BUNDLE_LOADER = "$(TEST_HOST)";
				CODE_SIGN_STYLE = Automatic;
				CURRENT_PROJECT_VERSION = 1;
				GENERATE_INFOPLIST_FILE = YES;
				IPHONEOS_DEPLOYMENT_TARGET = 17.2;
				MARKETING_VERSION = 1.0;
				PRODUCT_BUNDLE_IDENTIFIER = mentat.playSoundTests;
				PRODUCT_NAME = "$(TARGET_NAME)";
				SWIFT_EMIT_LOC_STRINGS = NO;
				SWIFT_VERSION = 5.0;
				TARGETED_DEVICE_FAMILY = "1,2";
				TEST_HOST = "$(BUILT_PRODUCTS_DIR)/playSound.app/$(BUNDLE_EXECUTABLE_FOLDER_PATH)/playSound";
			};
			name = Release;
		};
		ED9D7E782B72DE2700EC3FF6 /* Debug */ = {
			isa = XCBuildConfiguration;
			buildSettings = {
				ALWAYS_EMBED_SWIFT_STANDARD_LIBRARIES = YES;
				CODE_SIGN_STYLE = Automatic;
				CURRENT_PROJECT_VERSION = 1;
				GENERATE_INFOPLIST_FILE = YES;
				MARKETING_VERSION = 1.0;
				PRODUCT_BUNDLE_IDENTIFIER = mentat.playSoundUITests;
				PRODUCT_NAME = "$(TARGET_NAME)";
				SWIFT_EMIT_LOC_STRINGS = NO;
				SWIFT_VERSION = 5.0;
				TARGETED_DEVICE_FAMILY = "1,2";
				TEST_TARGET_NAME = playSound;
			};
			name = Debug;
		};
		ED9D7E792B72DE2700EC3FF6 /* Release */ = {
			isa = XCBuildConfiguration;
			buildSettings = {
				ALWAYS_EMBED_SWIFT_STANDARD_LIBRARIES = YES;
				CODE_SIGN_STYLE = Automatic;
				CURRENT_PROJECT_VERSION = 1;
				GENERATE_INFOPLIST_FILE = YES;
				MARKETING_VERSION = 1.0;
				PRODUCT_BUNDLE_IDENTIFIER = mentat.playSoundUITests;
				PRODUCT_NAME = "$(TARGET_NAME)";
				SWIFT_EMIT_LOC_STRINGS = NO;
				SWIFT_VERSION = 5.0;
				TARGETED_DEVICE_FAMILY = "1,2";
				TEST_TARGET_NAME = playSound;
			};
			name = Release;
		};
/* End XCBuildConfiguration section */

/* Begin XCConfigurationList section */
		ED9D7E422B72DE2600EC3FF6 /* Build configuration list for PBXProject "playSound" */ = {
			isa = XCConfigurationList;
			buildConfigurations = (
				ED9D7E6F2B72DE2700EC3FF6 /* Debug */,
				ED9D7E702B72DE2700EC3FF6 /* Release */,
			);
			defaultConfigurationIsVisible = 0;
			defaultConfigurationName = Release;
		};
		ED9D7E712B72DE2700EC3FF6 /* Build configuration list for PBXNativeTarget "playSound" */ = {
			isa = XCConfigurationList;
			buildConfigurations = (
				ED9D7E722B72DE2700EC3FF6 /* Debug */,
				ED9D7E732B72DE2700EC3FF6 /* Release */,
			);
			defaultConfigurationIsVisible = 0;
			defaultConfigurationName = Release;
		};
		ED9D7E742B72DE2700EC3FF6 /* Build configuration list for PBXNativeTarget "playSoundTests" */ = {
			isa = XCConfigurationList;
			buildConfigurations = (
				ED9D7E752B72DE2700EC3FF6 /* Debug */,
				ED9D7E762B72DE2700EC3FF6 /* Release */,
			);
			defaultConfigurationIsVisible = 0;
			defaultConfigurationName = Release;
		};
		ED9D7E772B72DE2700EC3FF6 /* Build configuration list for PBXNativeTarget "playSoundUITests" */ = {
			isa = XCConfigurationList;
			buildConfigurations = (
				ED9D7E782B72DE2700EC3FF6 /* Debug */,
				ED9D7E792B72DE2700EC3FF6 /* Release */,
			);
			defaultConfigurationIsVisible = 0;
			defaultConfigurationName = Release;
		};
/* End XCConfigurationList section */
	};
	rootObject = ED9D7E3F2B72DE2600EC3FF6 /* Project object */;
}
